
Microsoft Visual Studio Solution File, Format Version 12.00
# Visual Studio Version 17
VisualStudioVersion = 17.0.31903.59
MinimumVisualStudioVersion = 10.0.40219.1
Project("{FAE04EC0-301F-11D3-BF4B-00C04F79EFBC}") = "Cupertino.Gallery.Desktop", "samples\Cupertino.Gallery.Desktop\Cupertino.Gallery.Desktop.csproj", "{3357CF85-5A09-4717-AAAA-8A9921231461}"
EndProject
Project("{FAE04EC0-301F-11D3-BF4B-00C04F79EFBC}") = "Cupertino.Gallery", "samples\Cupertino.Gallery\Cupertino.Gallery.csproj", "{A7FC0297-DC9D-47F7-B383-A027D309280E}"
EndProject
Project("{FAE04EC0-301F-11D3-BF4B-00C04F79EFBC}") = "Cupertino.Avalonia", "src\Cupertino.Avalonia\Cupertino.Avalonia.csproj", "{6F790825-3D2A-4EBE-88A0-A0B76666051B}"
EndProject
Project("{FAE04EC0-301F-11D3-BF4B-00C04F79EFBC}") = "Cupertino.Avalonia.Tests", "tests\Cupertino.Avalonia.Tests\Cupertino.Avalonia.Tests.csproj", "{FF757B06-B038-4068-AC10-59D0DFB210C8}"
EndProject
Project("{2150E333-8FDC-42A3-9474-1A3956D46DE8}") = "tests", "tests", "{0AB3BF05-4346-4AA6-1389-037BE0695223}"
EndProject
Project("{FAE04EC0-301F-11D3-BF4B-00C04F79EFBC}") = "Cupertino.Avalonia.RenderTests", "tests\Cupertino.Avalonia.RenderTests\Cupertino.Avalonia.RenderTests.csproj", "{B061AF25-B395-40B3-B4DE-C6F8A1F95957}"
EndProject
Project("{2150E333-8FDC-42A3-9474-1A3956D46DE8}") = "src", "src", "{827E0CD3-B72D-47B6-A68D-7590B98EB39B}"
EndProject
Project("{2150E333-8FDC-42A3-9474-1A3956D46DE8}") = "samples", "samples", "{5D20AA90-6969-D8BD-9DCD-8634F4692FDA}"
EndProject
Project("{FAE04EC0-301F-11D3-BF4B-00C04F79EFBC}") = "Cupertino.Gallery.SourceView", "samples\Cupertino.Gallery.SourceView\Cupertino.Gallery.SourceView.csproj", "{5D52DEC0-937D-4807-882C-108241DF158A}"
EndProject
Global
	GlobalSection(SolutionConfigurationPlatforms) = preSolution
		Debug|Any CPU = Debug|Any CPU
		Debug|x64 = Debug|x64
		Debug|x86 = Debug|x86
		Release|Any CPU = Release|Any CPU
		Release|x64 = Release|x64
		Release|x86 = Release|x86
	EndGlobalSection
	GlobalSection(ProjectConfigurationPlatforms) = postSolution
		{3357CF85-5A09-4717-AAAA-8A9921231461}.Debug|Any CPU.ActiveCfg = Debug|Any CPU
		{3357CF85-5A09-4717-AAAA-8A9921231461}.Debug|Any CPU.Build.0 = Debug|Any CPU
		{3357CF85-5A09-4717-AAAA-8A9921231461}.Debug|x64.ActiveCfg = Debug|Any CPU
		{3357CF85-5A09-4717-AAAA-8A9921231461}.Debug|x64.Build.0 = Debug|Any CPU
		{3357CF85-5A09-4717-AAAA-8A9921231461}.Debug|x86.ActiveCfg = Debug|Any CPU
		{3357CF85-5A09-4717-AAAA-8A9921231461}.Debug|x86.Build.0 = Debug|Any CPU
		{3357CF85-5A09-4717-AAAA-8A9921231461}.Release|Any CPU.ActiveCfg = Release|Any CPU
		{3357CF85-5A09-4717-AAAA-8A9921231461}.Release|Any CPU.Build.0 = Release|Any CPU
		{3357CF85-5A09-4717-AAAA-8A9921231461}.Release|x64.ActiveCfg = Release|Any CPU
		{3357CF85-5A09-4717-AAAA-8A9921231461}.Release|x64.Build.0 = Release|Any CPU
		{3357CF85-5A09-4717-AAAA-8A9921231461}.Release|x86.ActiveCfg = Release|Any CPU
		{3357CF85-5A09-4717-AAAA-8A9921231461}.Release|x86.Build.0 = Release|Any CPU
		{A7FC0297-DC9D-47F7-B383-A027D309280E}.Debug|Any CPU.ActiveCfg = Debug|Any CPU
		{A7FC0297-DC9D-47F7-B383-A027D309280E}.Debug|Any CPU.Build.0 = Debug|Any CPU
		{A7FC0297-DC9D-47F7-B383-A027D309280E}.Debug|x64.ActiveCfg = Debug|Any CPU
		{A7FC0297-DC9D-47F7-B383-A027D309280E}.Debug|x64.Build.0 = Debug|Any CPU
		{A7FC0297-DC9D-47F7-B383-A027D309280E}.Debug|x86.ActiveCfg = Debug|Any CPU
		{A7FC0297-DC9D-47F7-B383-A027D309280E}.Debug|x86.Build.0 = Debug|Any CPU
		{A7FC0297-DC9D-47F7-B383-A027D309280E}.Release|Any CPU.ActiveCfg = Release|Any CPU
		{A7FC0297-DC9D-47F7-B383-A027D309280E}.Release|Any CPU.Build.0 = Release|Any CPU
		{A7FC0297-DC9D-47F7-B383-A027D309280E}.Release|x64.ActiveCfg = Release|Any CPU
		{A7FC0297-DC9D-47F7-B383-A027D309280E}.Release|x64.Build.0 = Release|Any CPU
		{A7FC0297-DC9D-47F7-B383-A027D309280E}.Release|x86.ActiveCfg = Release|Any CPU
		{A7FC0297-DC9D-47F7-B383-A027D309280E}.Release|x86.Build.0 = Release|Any CPU
		{6F790825-3D2A-4EBE-88A0-A0B76666051B}.Debug|Any CPU.ActiveCfg = Debug|Any CPU
		{6F790825-3D2A-4EBE-88A0-A0B76666051B}.Debug|Any CPU.Build.0 = Debug|Any CPU
		{6F790825-3D2A-4EBE-88A0-A0B76666051B}.Debug|x64.ActiveCfg = Debug|Any CPU
		{6F790825-3D2A-4EBE-88A0-A0B76666051B}.Debug|x64.Build.0 = Debug|Any CPU
		{6F790825-3D2A-4EBE-88A0-A0B76666051B}.Debug|x86.ActiveCfg = Debug|Any CPU
		{6F790825-3D2A-4EBE-88A0-A0B76666051B}.Debug|x86.Build.0 = Debug|Any CPU
		{6F790825-3D2A-4EBE-88A0-A0B76666051B}.Release|Any CPU.ActiveCfg = Release|Any CPU
		{6F790825-3D2A-4EBE-88A0-A0B76666051B}.Release|Any CPU.Build.0 = Release|Any CPU
		{6F790825-3D2A-4EBE-88A0-A0B76666051B}.Release|x64.ActiveCfg = Release|Any CPU
		{6F790825-3D2A-4EBE-88A0-A0B76666051B}.Release|x64.Build.0 = Release|Any CPU
		{6F790825-3D2A-4EBE-88A0-A0B76666051B}.Release|x86.ActiveCfg = Release|Any CPU
		{6F790825-3D2A-4EBE-88A0-A0B76666051B}.Release|x86.Build.0 = Release|Any CPU
		{FF757B06-B038-4068-AC10-59D0DFB210C8}.Debug|Any CPU.ActiveCfg = Debug|Any CPU
		{FF757B06-B038-4068-AC10-59D0DFB210C8}.Debug|Any CPU.Build.0 = Debug|Any CPU
		{FF757B06-B038-4068-AC10-59D0DFB210C8}.Debug|x64.ActiveCfg = Debug|Any CPU
		{FF757B06-B038-4068-AC10-59D0DFB210C8}.Debug|x64.Build.0 = Debug|Any CPU
		{FF757B06-B038-4068-AC10-59D0DFB210C8}.Debug|x86.ActiveCfg = Debug|Any CPU
		{FF757B06-B038-4068-AC10-59D0DFB210C8}.Debug|x86.Build.0 = Debug|Any CPU
		{FF757B06-B038-4068-AC10-59D0DFB210C8}.Release|Any CPU.ActiveCfg = Release|Any CPU
		{FF757B06-B038-4068-AC10-59D0DFB210C8}.Release|Any CPU.Build.0 = Release|Any CPU
		{FF757B06-B038-4068-AC10-59D0DFB210C8}.Release|x64.ActiveCfg = Release|Any CPU
		{FF757B06-B038-4068-AC10-59D0DFB210C8}.Release|x64.Build.0 = Release|Any CPU
		{FF757B06-B038-4068-AC10-59D0DFB210C8}.Release|x86.ActiveCfg = Release|Any CPU
		{FF757B06-B038-4068-AC10-59D0DFB210C8}.Release|x86.Build.0 = Release|Any CPU
		{B061AF25-B395-40B3-B4DE-C6F8A1F95957}.Debug|Any CPU.ActiveCfg = Debug|Any CPU
		{B061AF25-B395-40B3-B4DE-C6F8A1F95957}.Debug|Any CPU.Build.0 = Debug|Any CPU
		{B061AF25-B395-40B3-B4DE-C6F8A1F95957}.Debug|x64.ActiveCfg = Debug|Any CPU
		{B061AF25-B395-40B3-B4DE-C6F8A1F95957}.Debug|x64.Build.0 = Debug|Any CPU
		{B061AF25-B395-40B3-B4DE-C6F8A1F95957}.Debug|x86.ActiveCfg = Debug|Any CPU
		{B061AF25-B395-40B3-B4DE-C6F8A1F95957}.Debug|x86.Build.0 = Debug|Any CPU
		{B061AF25-B395-40B3-B4DE-C6F8A1F95957}.Release|Any CPU.ActiveCfg = Release|Any CPU
		{B061AF25-B395-40B3-B4DE-C6F8A1F95957}.Release|Any CPU.Build.0 = Release|Any CPU
		{B061AF25-B395-40B3-B4DE-C6F8A1F95957}.Release|x64.ActiveCfg = Release|Any CPU
		{B061AF25-B395-40B3-B4DE-C6F8A1F95957}.Release|x64.Build.0 = Release|Any CPU
		{B061AF25-B395-40B3-B4DE-C6F8A1F95957}.Release|x86.ActiveCfg = Release|Any CPU
		{B061AF25-B395-40B3-B4DE-C6F8A1F95957}.Release|x86.Build.0 = Release|Any CPU
		{5D52DEC0-937D-4807-882C-108241DF158A}.Debug|Any CPU.ActiveCfg = Debug|Any CPU
		{5D52DEC0-937D-4807-882C-108241DF158A}.Debug|Any CPU.Build.0 = Debug|Any CPU
		{5D52DEC0-937D-4807-882C-108241DF158A}.Debug|x64.ActiveCfg = Debug|Any CPU
		{5D52DEC0-937D-4807-882C-108241DF158A}.Debug|x64.Build.0 = Debug|Any CPU
		{5D52DEC0-937D-4807-882C-108241DF158A}.Debug|x86.ActiveCfg = Debug|Any CPU
		{5D52DEC0-937D-4807-882C-108241DF158A}.Debug|x86.Build.0 = Debug|Any CPU
		{5D52DEC0-937D-4807-882C-108241DF158A}.Release|Any CPU.ActiveCfg = Release|Any CPU
		{5D52DEC0-937D-4807-882C-108241DF158A}.Release|Any CPU.Build.0 = Release|Any CPU
		{5D52DEC0-937D-4807-882C-108241DF158A}.Release|x64.ActiveCfg = Release|Any CPU
		{5D52DEC0-937D-4807-882C-108241DF158A}.Release|x64.Build.0 = Release|Any CPU
		{5D52DEC0-937D-4807-882C-108241DF158A}.Release|x86.ActiveCfg = Release|Any CPU
		{5D52DEC0-937D-4807-882C-108241DF158A}.Release|x86.Build.0 = Release|Any CPU
	EndGlobalSection
	GlobalSection(SolutionProperties) = preSolution
		HideSolutionNode = FALSE
	EndGlobalSection
	GlobalSection(NestedProjects) = preSolution
		{B061AF25-B395-40B3-B4DE-C6F8A1F95957} = {0AB3BF05-4346-4AA6-1389-037BE0695223}
		{5D52DEC0-937D-4807-882C-108241DF158A} = {5D20AA90-6969-D8BD-9DCD-8634F4692FDA}
	EndGlobalSection
EndGlobal
